
Microsoft Visual Studio Solution File, Format Version 12.00
# Visual Studio Version 16
VisualStudioVersion = 16.0.30114.128
MinimumVisualStudioVersion = 10.0.40219.1
Project("{FAE04EC0-301F-11D3-BF4B-00C04F79EFBC}") = "DrinkMachine", "DrinkMachine\DrinkMachine.csproj", "{3B19F07F-7F2E-4DCE-9903-760C9129BB90}"
EndProject
Project("{FAE04EC0-301F-11D3-BF4B-00C04F79EFBC}") = "Models", "Models\Models.csproj", "{01532B55-BFA6-4341-B11D-4980B8812637}"
EndProject
Global
	GlobalSection(SolutionConfigurationPlatforms) = preSolution
		Debug|Any CPU = Debug|Any CPU
		Release|Any CPU = Release|Any CPU
	EndGlobalSection
	GlobalSection(ProjectConfigurationPlatforms) = postSolution
		{3B19F07F-7F2E-4DCE-9903-760C9129BB90}.Debug|Any CPU.ActiveCfg = Debug|Any CPU
		{3B19F07F-7F2E-4DCE-9903-760C9129BB90}.Debug|Any CPU.Build.0 = Debug|Any CPU
		{3B19F07F-7F2E-4DCE-9903-760C9129BB90}.Release|Any CPU.ActiveCfg = Release|Any CPU
		{3B19F07F-7F2E-4DCE-9903-760C9129BB90}.Release|Any CPU.Build.0 = Release|Any CPU
		{01532B55-BFA6-4341-B11D-4980B8812637}.Debug|Any CPU.ActiveCfg = Debug|Any CPU
		{01532B55-BFA6-4341-B11D-4980B8812637}.Debug|Any CPU.Build.0 = Debug|Any CPU
		{01532B55-BFA6-4341-B11D-4980B8812637}.Release|Any CPU.ActiveCfg = Release|Any CPU
		{01532B55-BFA6-4341-B11D-4980B8812637}.Release|Any CPU.Build.0 = Release|Any CPU
	EndGlobalSection
	GlobalSection(SolutionProperties) = preSolution
		HideSolutionNode = FALSE
	EndGlobalSection
	GlobalSection(ExtensibilityGlobals) = postSolution
		SolutionGuid = {7F11D1B0-A382-46E8-B0A7-735D97D4830B}
	EndGlobalSection
EndGlobal
